
Microsoft Visual Studio Solution File, Format Version 12.00
# Visual Studio Version 17
VisualStudioVersion = 17.9.34728.123
MinimumVisualStudioVersion = 10.0.40219.1
Project("{FAE04EC0-301F-11D3-BF4B-00C04F79EFBC}") = "GrpcFileTransfer", "GrpcFileTransfer.csproj", "{B5DBF8F8-438D-43CC-8D8E-83343F46024A}"
EndProject
Global
	GlobalSection(SolutionConfigurationPlatforms) = preSolution
		Debug|Any CPU = Debug|Any CPU
		Release|Any CPU = Release|Any CPU
	EndGlobalSection
	GlobalSection(ProjectConfigurationPlatforms) = postSolution
		{B5DBF8F8-438D-43CC-8D8E-83343F46024A}.Debug|Any CPU.ActiveCfg = Debug|Any CPU
		{B5DBF8F8-438D-43CC-8D8E-83343F46024A}.Debug|Any CPU.Build.0 = Debug|Any CPU
		{B5DBF8F8-438D-43CC-8D8E-83343F46024A}.Release|Any CPU.ActiveCfg = Release|Any CPU
		{B5DBF8F8-438D-43CC-8D8E-83343F46024A}.Release|Any CPU.Build.0 = Release|Any CPU
	EndGlobalSection
	GlobalSection(SolutionProperties) = preSolution
		HideSolutionNode = FALSE
	EndGlobalSection
	GlobalSection(ExtensibilityGlobals) = postSolution
		SolutionGuid = {E2DB619A-D17D-49C1-B7DD-D939796F8BA5}
	EndGlobalSection
EndGlobal
